
Microsoft Visual Studio Solution File, Format Version 12.00
# Visual Studio Version 17
VisualStudioVersion = 17.14.36518.9 d17.14
MinimumVisualStudioVersion = 10.0.40219.1
Project("{FAE04EC0-301F-11D3-BF4B-00C04F79EFBC}") = "F25Week5IntroToWpf", "F25Week5IntroToWpf\F25Week5IntroToWpf.csproj", "{C754471F-757D-410C-8D88-F96AFAF969CF}"
EndProject
Global
	GlobalSection(SolutionConfigurationPlatforms) = preSolution
		Debug|Any CPU = Debug|Any CPU
		Release|Any CPU = Release|Any CPU
	EndGlobalSection
	GlobalSection(ProjectConfigurationPlatforms) = postSolution
		{C754471F-757D-410C-8D88-F96AFAF969CF}.Debug|Any CPU.ActiveCfg = Debug|Any CPU
		{C754471F-757D-410C-8D88-F96AFAF969CF}.Debug|Any CPU.Build.0 = Debug|Any CPU
		{C754471F-757D-410C-8D88-F96AFAF969CF}.Release|Any CPU.ActiveCfg = Release|Any CPU
		{C754471F-757D-410C-8D88-F96AFAF969CF}.Release|Any CPU.Build.0 = Release|Any CPU
	EndGlobalSection
	GlobalSection(SolutionProperties) = preSolution
		HideSolutionNode = FALSE
	EndGlobalSection
	GlobalSection(ExtensibilityGlobals) = postSolution
		SolutionGuid = {9ADCECBF-8FFC-40CC-A867-D15CF5A4EE48}
	EndGlobalSection
EndGlobal
